
Microsoft Visual Studio Solution File, Format Version 12.00
# Visual Studio Version 17
VisualStudioVersion = 17.14.36301.6 d17.14
MinimumVisualStudioVersion = 10.0.40219.1
Project("{FAE04EC0-301F-11D3-BF4B-00C04F79EFBC}") = "csharp-solid-principles", "csharp-solid-principles\csharp-solid-principles.csproj", "{C7F58CC4-3F17-4527-97F0-9DC220CBFAA4}"
EndProject
Global
	GlobalSection(SolutionConfigurationPlatforms) = preSolution
		Debug|Any CPU = Debug|Any CPU
		Release|Any CPU = Release|Any CPU
	EndGlobalSection
	GlobalSection(ProjectConfigurationPlatforms) = postSolution
		{C7F58CC4-3F17-4527-97F0-9DC220CBFAA4}.Debug|Any CPU.ActiveCfg = Debug|Any CPU
		{C7F58CC4-3F17-4527-97F0-9DC220CBFAA4}.Debug|Any CPU.Build.0 = Debug|Any CPU
		{C7F58CC4-3F17-4527-97F0-9DC220CBFAA4}.Release|Any CPU.ActiveCfg = Release|Any CPU
		{C7F58CC4-3F17-4527-97F0-9DC220CBFAA4}.Release|Any CPU.Build.0 = Release|Any CPU
	EndGlobalSection
	GlobalSection(SolutionProperties) = preSolution
		HideSolutionNode = FALSE
	EndGlobalSection
	GlobalSection(ExtensibilityGlobals) = postSolution
		SolutionGuid = {5FF8BD7E-DF27-4A53-841B-66FA4DB13A8D}
	EndGlobalSection
EndGlobal
